<Solution>
  <Folder Name="/Elementos de la solución/">
    <File Path="README.md" />
  </Folder>
  <Project Path="Yggdrasil.Quotation.ApiService/Yggdrasil.Quotation.ApiService.csproj" />
  <Project Path="Yggdrasil.Quotation.Application/Yggdrasil.Quotation.Application.csproj" />
  <Project Path="Yggdrasil.Quotation.Domain/Yggdrasil.Quotation.Domain.csproj" />
  <Project Path="Yggdrasil.Quotation.Infrastructure/Yggdrasil.Quotation.Infrastructure.csproj" />
</Solution>
